
Microsoft Visual Studio Solution File, Format Version 11.00
# Visual Studio 2010
Project("{FAE04EC0-301F-11D3-BF4B-00C04F79EFBC}") = "HRClient", "Assembly-CSharp.csproj", "{6A20D25F-AFB7-032A-72F0-D8153951786A}"
EndProject
Project("{FAE04EC0-301F-11D3-BF4B-00C04F79EFBC}") = "HRClient", "Assembly-CSharp-Editor.csproj", "{50912421-FB86-F4F1-3781-DF4B4FF7C0D1}"
EndProject
Global
	GlobalSection(SolutionConfigurationPlatforms) = preSolution
		Debug|Any CPU = Debug|Any CPU
		Release|Any CPU = Release|Any CPU
	EndGlobalSection
	GlobalSection(ProjectConfigurationPlatforms) = postSolution
		{6A20D25F-AFB7-032A-72F0-D8153951786A}.Debug|Any CPU.ActiveCfg = Debug|Any CPU
		{6A20D25F-AFB7-032A-72F0-D8153951786A}.Debug|Any CPU.Build.0 = Debug|Any CPU
		{6A20D25F-AFB7-032A-72F0-D8153951786A}.Release|Any CPU.ActiveCfg = Release|Any CPU
		{6A20D25F-AFB7-032A-72F0-D8153951786A}.Release|Any CPU.Build.0 = Release|Any CPU
		{50912421-FB86-F4F1-3781-DF4B4FF7C0D1}.Debug|Any CPU.ActiveCfg = Debug|Any CPU
		{50912421-FB86-F4F1-3781-DF4B4FF7C0D1}.Debug|Any CPU.Build.0 = Debug|Any CPU
		{50912421-FB86-F4F1-3781-DF4B4FF7C0D1}.Release|Any CPU.ActiveCfg = Release|Any CPU
		{50912421-FB86-F4F1-3781-DF4B4FF7C0D1}.Release|Any CPU.Build.0 = Release|Any CPU
	EndGlobalSection
	GlobalSection(SolutionProperties) = preSolution
		HideSolutionNode = FALSE
	EndGlobalSection
	GlobalSection(MonoDevelopProperties) = preSolution
		StartupItem = Assembly-CSharp.csproj
	EndGlobalSection
EndGlobal
