
Microsoft Visual Studio Solution File, Format Version 12.00
# Visual Studio 2015
Project("{FAE04EC0-301F-11D3-BF4B-00C04F79EFBC}") = "HRClient", "HRClient.csproj", "{DB841E56-0A42-563A-DE6E-0CEE555EE4B1}"
EndProject
Project("{FAE04EC0-301F-11D3-BF4B-00C04F79EFBC}") = "HRClient.Editor", "HRClient.Editor.csproj", "{91A6D5EB-A480-5353-6F27-132301AA2EFB}"
EndProject
Global
	GlobalSection(SolutionConfigurationPlatforms) = preSolution
		Debug|Any CPU = Debug|Any CPU
		Release|Any CPU = Release|Any CPU
	EndGlobalSection
	GlobalSection(ProjectConfigurationPlatforms) = postSolution
		{DB841E56-0A42-563A-DE6E-0CEE555EE4B1}.Debug|Any CPU.ActiveCfg = Debug|Any CPU
		{DB841E56-0A42-563A-DE6E-0CEE555EE4B1}.Debug|Any CPU.Build.0 = Debug|Any CPU
		{DB841E56-0A42-563A-DE6E-0CEE555EE4B1}.Release|Any CPU.ActiveCfg = Release|Any CPU
		{DB841E56-0A42-563A-DE6E-0CEE555EE4B1}.Release|Any CPU.Build.0 = Release|Any CPU
		{91A6D5EB-A480-5353-6F27-132301AA2EFB}.Debug|Any CPU.ActiveCfg = Debug|Any CPU
		{91A6D5EB-A480-5353-6F27-132301AA2EFB}.Debug|Any CPU.Build.0 = Debug|Any CPU
		{91A6D5EB-A480-5353-6F27-132301AA2EFB}.Release|Any CPU.ActiveCfg = Release|Any CPU
		{91A6D5EB-A480-5353-6F27-132301AA2EFB}.Release|Any CPU.Build.0 = Release|Any CPU
	EndGlobalSection
	GlobalSection(SolutionProperties) = preSolution
		HideSolutionNode = FALSE
	EndGlobalSection
EndGlobal
